
Microsoft Visual Studio Solution File, Format Version 12.00
# Visual Studio Version 17
VisualStudioVersion = 17.1.32210.238
MinimumVisualStudioVersion = 10.0.40219.1
Project("{FAE04EC0-301F-11D3-BF4B-00C04F79EFBC}") = "AppBoxStorage", "AppBoxStorage\AppBoxStorage.csproj", "{BB35ED44-4F02-4D96-A7B1-A5FFB380EB0B}"
EndProject
Project("{FAE04EC0-301F-11D3-BF4B-00C04F79EFBC}") = "BoxDAL", "BoxDAL\BoxDAL.csproj", "{9E94E2FD-9523-4265-861A-590D70CB3692}"
EndProject
Project("{FAE04EC0-301F-11D3-BF4B-00C04F79EFBC}") = "DataStructure", "DataStructure\DataStructure.csproj", "{19677BFE-7E1A-433C-A94F-8DF67BB26730}"
EndProject
Global
	GlobalSection(SolutionConfigurationPlatforms) = preSolution
		Debug|Any CPU = Debug|Any CPU
		Debug|ARM = Debug|ARM
		Debug|ARM64 = Debug|ARM64
		Debug|x64 = Debug|x64
		Debug|x86 = Debug|x86
		Release|Any CPU = Release|Any CPU
		Release|ARM = Release|ARM
		Release|ARM64 = Release|ARM64
		Release|x64 = Release|x64
		Release|x86 = Release|x86
	EndGlobalSection
	GlobalSection(ProjectConfigurationPlatforms) = postSolution
		{BB35ED44-4F02-4D96-A7B1-A5FFB380EB0B}.Debug|Any CPU.ActiveCfg = Debug|x64
		{BB35ED44-4F02-4D96-A7B1-A5FFB380EB0B}.Debug|Any CPU.Build.0 = Debug|x64
		{BB35ED44-4F02-4D96-A7B1-A5FFB380EB0B}.Debug|Any CPU.Deploy.0 = Debug|x64
		{BB35ED44-4F02-4D96-A7B1-A5FFB380EB0B}.Debug|ARM.ActiveCfg = Debug|ARM
		{BB35ED44-4F02-4D96-A7B1-A5FFB380EB0B}.Debug|ARM.Build.0 = Debug|ARM
		{BB35ED44-4F02-4D96-A7B1-A5FFB380EB0B}.Debug|ARM.Deploy.0 = Debug|ARM
		{BB35ED44-4F02-4D96-A7B1-A5FFB380EB0B}.Debug|ARM64.ActiveCfg = Debug|ARM64
		{BB35ED44-4F02-4D96-A7B1-A5FFB380EB0B}.Debug|ARM64.Build.0 = Debug|ARM64
		{BB35ED44-4F02-4D96-A7B1-A5FFB380EB0B}.Debug|ARM64.Deploy.0 = Debug|ARM64
		{BB35ED44-4F02-4D96-A7B1-A5FFB380EB0B}.Debug|x64.ActiveCfg = Debug|x64
		{BB35ED44-4F02-4D96-A7B1-A5FFB380EB0B}.Debug|x64.Build.0 = Debug|x64
		{BB35ED44-4F02-4D96-A7B1-A5FFB380EB0B}.Debug|x64.Deploy.0 = Debug|x64
		{BB35ED44-4F02-4D96-A7B1-A5FFB380EB0B}.Debug|x86.ActiveCfg = Debug|x86
		{BB35ED44-4F02-4D96-A7B1-A5FFB380EB0B}.Debug|x86.Build.0 = Debug|x86
		{BB35ED44-4F02-4D96-A7B1-A5FFB380EB0B}.Debug|x86.Deploy.0 = Debug|x86
		{BB35ED44-4F02-4D96-A7B1-A5FFB380EB0B}.Release|Any CPU.ActiveCfg = Release|x64
		{BB35ED44-4F02-4D96-A7B1-A5FFB380EB0B}.Release|Any CPU.Build.0 = Release|x64
		{BB35ED44-4F02-4D96-A7B1-A5FFB380EB0B}.Release|Any CPU.Deploy.0 = Release|x64
		{BB35ED44-4F02-4D96-A7B1-A5FFB380EB0B}.Release|ARM.ActiveCfg = Release|ARM
		{BB35ED44-4F02-4D96-A7B1-A5FFB380EB0B}.Release|ARM.Build.0 = Release|ARM
		{BB35ED44-4F02-4D96-A7B1-A5FFB380EB0B}.Release|ARM.Deploy.0 = Release|ARM
		{BB35ED44-4F02-4D96-A7B1-A5FFB380EB0B}.Release|ARM64.ActiveCfg = Release|ARM64
		{BB35ED44-4F02-4D96-A7B1-A5FFB380EB0B}.Release|ARM64.Build.0 = Release|ARM64
		{BB35ED44-4F02-4D96-A7B1-A5FFB380EB0B}.Release|ARM64.Deploy.0 = Release|ARM64
		{BB35ED44-4F02-4D96-A7B1-A5FFB380EB0B}.Release|x64.ActiveCfg = Release|x64
		{BB35ED44-4F02-4D96-A7B1-A5FFB380EB0B}.Release|x64.Build.0 = Release|x64
		{BB35ED44-4F02-4D96-A7B1-A5FFB380EB0B}.Release|x64.Deploy.0 = Release|x64
		{BB35ED44-4F02-4D96-A7B1-A5FFB380EB0B}.Release|x86.ActiveCfg = Release|x86
		{BB35ED44-4F02-4D96-A7B1-A5FFB380EB0B}.Release|x86.Build.0 = Release|x86
		{BB35ED44-4F02-4D96-A7B1-A5FFB380EB0B}.Release|x86.Deploy.0 = Release|x86
		{9E94E2FD-9523-4265-861A-590D70CB3692}.Debug|Any CPU.ActiveCfg = Debug|Any CPU
		{9E94E2FD-9523-4265-861A-590D70CB3692}.Debug|Any CPU.Build.0 = Debug|Any CPU
		{9E94E2FD-9523-4265-861A-590D70CB3692}.Debug|ARM.ActiveCfg = Debug|ARM
		{9E94E2FD-9523-4265-861A-590D70CB3692}.Debug|ARM.Build.0 = Debug|ARM
		{9E94E2FD-9523-4265-861A-590D70CB3692}.Debug|ARM64.ActiveCfg = Debug|ARM64
		{9E94E2FD-9523-4265-861A-590D70CB3692}.Debug|ARM64.Build.0 = Debug|ARM64
		{9E94E2FD-9523-4265-861A-590D70CB3692}.Debug|x64.ActiveCfg = Debug|x64
		{9E94E2FD-9523-4265-861A-590D70CB3692}.Debug|x64.Build.0 = Debug|x64
		{9E94E2FD-9523-4265-861A-590D70CB3692}.Debug|x86.ActiveCfg = Debug|x86
		{9E94E2FD-9523-4265-861A-590D70CB3692}.Debug|x86.Build.0 = Debug|x86
		{9E94E2FD-9523-4265-861A-590D70CB3692}.Release|Any CPU.ActiveCfg = Release|Any CPU
		{9E94E2FD-9523-4265-861A-590D70CB3692}.Release|Any CPU.Build.0 = Release|Any CPU
		{9E94E2FD-9523-4265-861A-590D70CB3692}.Release|ARM.ActiveCfg = Release|ARM
		{9E94E2FD-9523-4265-861A-590D70CB3692}.Release|ARM.Build.0 = Release|ARM
		{9E94E2FD-9523-4265-861A-590D70CB3692}.Release|ARM64.ActiveCfg = Release|ARM64
		{9E94E2FD-9523-4265-861A-590D70CB3692}.Release|ARM64.Build.0 = Release|ARM64
		{9E94E2FD-9523-4265-861A-590D70CB3692}.Release|x64.ActiveCfg = Release|x64
		{9E94E2FD-9523-4265-861A-590D70CB3692}.Release|x64.Build.0 = Release|x64
		{9E94E2FD-9523-4265-861A-590D70CB3692}.Release|x86.ActiveCfg = Release|x86
		{9E94E2FD-9523-4265-861A-590D70CB3692}.Release|x86.Build.0 = Release|x86
		{19677BFE-7E1A-433C-A94F-8DF67BB26730}.Debug|Any CPU.ActiveCfg = Debug|Any CPU
		{19677BFE-7E1A-433C-A94F-8DF67BB26730}.Debug|Any CPU.Build.0 = Debug|Any CPU
		{19677BFE-7E1A-433C-A94F-8DF67BB26730}.Debug|ARM.ActiveCfg = Debug|ARM
		{19677BFE-7E1A-433C-A94F-8DF67BB26730}.Debug|ARM.Build.0 = Debug|ARM
		{19677BFE-7E1A-433C-A94F-8DF67BB26730}.Debug|ARM64.ActiveCfg = Debug|ARM64
		{19677BFE-7E1A-433C-A94F-8DF67BB26730}.Debug|ARM64.Build.0 = Debug|ARM64
		{19677BFE-7E1A-433C-A94F-8DF67BB26730}.Debug|x64.ActiveCfg = Debug|x64
		{19677BFE-7E1A-433C-A94F-8DF67BB26730}.Debug|x64.Build.0 = Debug|x64
		{19677BFE-7E1A-433C-A94F-8DF67BB26730}.Debug|x86.ActiveCfg = Debug|x86
		{19677BFE-7E1A-433C-A94F-8DF67BB26730}.Debug|x86.Build.0 = Debug|x86
		{19677BFE-7E1A-433C-A94F-8DF67BB26730}.Release|Any CPU.ActiveCfg = Release|Any CPU
		{19677BFE-7E1A-433C-A94F-8DF67BB26730}.Release|Any CPU.Build.0 = Release|Any CPU
		{19677BFE-7E1A-433C-A94F-8DF67BB26730}.Release|ARM.ActiveCfg = Release|ARM
		{19677BFE-7E1A-433C-A94F-8DF67BB26730}.Release|ARM.Build.0 = Release|ARM
		{19677BFE-7E1A-433C-A94F-8DF67BB26730}.Release|ARM64.ActiveCfg = Release|ARM64
		{19677BFE-7E1A-433C-A94F-8DF67BB26730}.Release|ARM64.Build.0 = Release|ARM64
		{19677BFE-7E1A-433C-A94F-8DF67BB26730}.Release|x64.ActiveCfg = Release|x64
		{19677BFE-7E1A-433C-A94F-8DF67BB26730}.Release|x64.Build.0 = Release|x64
		{19677BFE-7E1A-433C-A94F-8DF67BB26730}.Release|x86.ActiveCfg = Release|x86
		{19677BFE-7E1A-433C-A94F-8DF67BB26730}.Release|x86.Build.0 = Release|x86
	EndGlobalSection
	GlobalSection(SolutionProperties) = preSolution
		HideSolutionNode = FALSE
	EndGlobalSection
	GlobalSection(ExtensibilityGlobals) = postSolution
		SolutionGuid = {E1BF8B48-5C72-4404-A3E1-868AE70B511A}
	EndGlobalSection
EndGlobal
